
Microsoft Visual Studio Solution File, Format Version 12.00
# Visual Studio Version 16
VisualStudioVersion = 16.0.30320.27
MinimumVisualStudioVersion = 10.0.40219.1
Project("{9A19103F-16F7-4668-BE54-9A1E7A4F7556}") = "DavesUtilities.Reflection", "DavesUtilities.Reflection\DavesUtilities.Reflection.csproj", "{523A9435-CD90-4526-9BA8-489035F39AAF}"
EndProject
Project("{9A19103F-16F7-4668-BE54-9A1E7A4F7556}") = "DavesUtilities.Reflection.Tests", "DavesUtilities.Reflection.Tests\DavesUtilities.Reflection.Tests.csproj", "{448D9215-80FF-4355-9F9B-F2571E1A716A}"
EndProject
Global
	GlobalSection(SolutionConfigurationPlatforms) = preSolution
		Debug|Any CPU = Debug|Any CPU
		Release|Any CPU = Release|Any CPU
	EndGlobalSection
	GlobalSection(ProjectConfigurationPlatforms) = postSolution
		{523A9435-CD90-4526-9BA8-489035F39AAF}.Debug|Any CPU.ActiveCfg = Debug|Any CPU
		{523A9435-CD90-4526-9BA8-489035F39AAF}.Debug|Any CPU.Build.0 = Debug|Any CPU
		{523A9435-CD90-4526-9BA8-489035F39AAF}.Release|Any CPU.ActiveCfg = Release|Any CPU
		{523A9435-CD90-4526-9BA8-489035F39AAF}.Release|Any CPU.Build.0 = Release|Any CPU
		{448D9215-80FF-4355-9F9B-F2571E1A716A}.Debug|Any CPU.ActiveCfg = Debug|Any CPU
		{448D9215-80FF-4355-9F9B-F2571E1A716A}.Debug|Any CPU.Build.0 = Debug|Any CPU
		{448D9215-80FF-4355-9F9B-F2571E1A716A}.Release|Any CPU.ActiveCfg = Release|Any CPU
		{448D9215-80FF-4355-9F9B-F2571E1A716A}.Release|Any CPU.Build.0 = Release|Any CPU
	EndGlobalSection
	GlobalSection(SolutionProperties) = preSolution
		HideSolutionNode = FALSE
	EndGlobalSection
	GlobalSection(ExtensibilityGlobals) = postSolution
		SolutionGuid = {17B727D5-6B25-4BC0-9908-E3E49E936022}
	EndGlobalSection
EndGlobal
